
Microsoft Visual Studio Solution File, Format Version 12.00
# Visual Studio 15
VisualStudioVersion = 15.0.26730.16
MinimumVisualStudioVersion = 10.0.40219.1
Project("{9A19103F-16F7-4668-BE54-9A1E7A4F7556}") = "Core", "Core\Core.csproj", "{86A4FFCF-BFAF-4CF1-9E84-68EF44E7703F}"
EndProject
Project("{9A19103F-16F7-4668-BE54-9A1E7A4F7556}") = "Infrastructure", "Infrastructure\Infrastructure.csproj", "{A36327C5-95BA-4860-A602-40D76BECA8F7}"
	ProjectSection(ProjectDependencies) = postProject
		{86A4FFCF-BFAF-4CF1-9E84-68EF44E7703F} = {86A4FFCF-BFAF-4CF1-9E84-68EF44E7703F}
	EndProjectSection
EndProject
Project("{9A19103F-16F7-4668-BE54-9A1E7A4F7556}") = "Tests", "Tests\Tests.csproj", "{8E660350-093C-4BB7-94F3-90DEBC433CE5}"
	ProjectSection(ProjectDependencies) = postProject
		{86A4FFCF-BFAF-4CF1-9E84-68EF44E7703F} = {86A4FFCF-BFAF-4CF1-9E84-68EF44E7703F}
	EndProjectSection
EndProject
Project("{9A19103F-16F7-4668-BE54-9A1E7A4F7556}") = "Web", "Web\Web.csproj", "{31AB9226-D346-4B20-96AC-A50A7E53E47B}"
	ProjectSection(ProjectDependencies) = postProject
		{A36327C5-95BA-4860-A602-40D76BECA8F7} = {A36327C5-95BA-4860-A602-40D76BECA8F7}
		{86A4FFCF-BFAF-4CF1-9E84-68EF44E7703F} = {86A4FFCF-BFAF-4CF1-9E84-68EF44E7703F}
	EndProjectSection
EndProject
Global
	GlobalSection(SolutionConfigurationPlatforms) = preSolution
		Debug|Any CPU = Debug|Any CPU
		Release|Any CPU = Release|Any CPU
	EndGlobalSection
	GlobalSection(ProjectConfigurationPlatforms) = postSolution
		{86A4FFCF-BFAF-4CF1-9E84-68EF44E7703F}.Debug|Any CPU.ActiveCfg = Debug|Any CPU
		{86A4FFCF-BFAF-4CF1-9E84-68EF44E7703F}.Debug|Any CPU.Build.0 = Debug|Any CPU
		{86A4FFCF-BFAF-4CF1-9E84-68EF44E7703F}.Release|Any CPU.ActiveCfg = Release|Any CPU
		{86A4FFCF-BFAF-4CF1-9E84-68EF44E7703F}.Release|Any CPU.Build.0 = Release|Any CPU
		{A36327C5-95BA-4860-A602-40D76BECA8F7}.Debug|Any CPU.ActiveCfg = Debug|Any CPU
		{A36327C5-95BA-4860-A602-40D76BECA8F7}.Debug|Any CPU.Build.0 = Debug|Any CPU
		{A36327C5-95BA-4860-A602-40D76BECA8F7}.Release|Any CPU.ActiveCfg = Release|Any CPU
		{A36327C5-95BA-4860-A602-40D76BECA8F7}.Release|Any CPU.Build.0 = Release|Any CPU
		{8E660350-093C-4BB7-94F3-90DEBC433CE5}.Debug|Any CPU.ActiveCfg = Debug|Any CPU
		{8E660350-093C-4BB7-94F3-90DEBC433CE5}.Debug|Any CPU.Build.0 = Debug|Any CPU
		{8E660350-093C-4BB7-94F3-90DEBC433CE5}.Release|Any CPU.ActiveCfg = Release|Any CPU
		{8E660350-093C-4BB7-94F3-90DEBC433CE5}.Release|Any CPU.Build.0 = Release|Any CPU
		{31AB9226-D346-4B20-96AC-A50A7E53E47B}.Debug|Any CPU.ActiveCfg = Debug|Any CPU
		{31AB9226-D346-4B20-96AC-A50A7E53E47B}.Debug|Any CPU.Build.0 = Debug|Any CPU
		{31AB9226-D346-4B20-96AC-A50A7E53E47B}.Release|Any CPU.ActiveCfg = Release|Any CPU
		{31AB9226-D346-4B20-96AC-A50A7E53E47B}.Release|Any CPU.Build.0 = Release|Any CPU
	EndGlobalSection
	GlobalSection(SolutionProperties) = preSolution
		HideSolutionNode = FALSE
	EndGlobalSection
	GlobalSection(ExtensibilityGlobals) = postSolution
		SolutionGuid = {F6FE54E7-B9E7-410A-BBE4-04E7CB51CF87}
	EndGlobalSection
EndGlobal
